
Microsoft Visual Studio Solution File, Format Version 12.00
# Visual Studio Version 16
VisualStudioVersion = 16.0.29926.136
MinimumVisualStudioVersion = 10.0.40219.1
Project("{FAE04EC0-301F-11D3-BF4B-00C04F79EFBC}") = "FreshFruit", "FreshFruit.csproj", "{F0980B04-52A4-467D-BFBB-EA8E75A07638}"
EndProject
Global
	GlobalSection(SolutionConfigurationPlatforms) = preSolution
		Debug|Any CPU = Debug|Any CPU
		Release|Any CPU = Release|Any CPU
	EndGlobalSection
	GlobalSection(ProjectConfigurationPlatforms) = postSolution
		{F0980B04-52A4-467D-BFBB-EA8E75A07638}.Debug|Any CPU.ActiveCfg = Debug|Any CPU
		{F0980B04-52A4-467D-BFBB-EA8E75A07638}.Debug|Any CPU.Build.0 = Debug|Any CPU
		{F0980B04-52A4-467D-BFBB-EA8E75A07638}.Release|Any CPU.ActiveCfg = Release|Any CPU
		{F0980B04-52A4-467D-BFBB-EA8E75A07638}.Release|Any CPU.Build.0 = Release|Any CPU
	EndGlobalSection
	GlobalSection(SolutionProperties) = preSolution
		HideSolutionNode = FALSE
	EndGlobalSection
	GlobalSection(ExtensibilityGlobals) = postSolution
		SolutionGuid = {DEC0FF14-28C5-4C1F-BEAE-3236DB9C1EB6}
	EndGlobalSection
EndGlobal
